
Microsoft Visual Studio Solution File, Format Version 12.00
# Visual Studio Version 16
VisualStudioVersion = 16.0.810.11
MinimumVisualStudioVersion = 10.0.40219.1
Project("{FAE04EC0-301F-11D3-BF4B-00C04F79EFBC}") = "DesignPattern", "DesignPattern\DesignPattern.csproj", "{8E17AF03-8BB3-4C23-9B8F-D4FEA4ED08A0}"
EndProject
Project("{FAE04EC0-301F-11D3-BF4B-00C04F79EFBC}") = "Iterator", "Iterator\Iterator.csproj", "{FCCCBB94-F3B3-45BE-9BBA-274EBC993978}"
EndProject
Project("{FAE04EC0-301F-11D3-BF4B-00C04F79EFBC}") = "AdapterDerived", "Adapter\AdapterDerived.csproj", "{BEE87CCC-07D8-47D0-867E-4A3B6F9F971C}"
EndProject
Project("{FAE04EC0-301F-11D3-BF4B-00C04F79EFBC}") = "AdapterDelegate", "AdapterDelegate\AdapterDelegate.csproj", "{EE713F6E-35CC-4B26-BAD7-0B4704DA3ECF}"
EndProject
Project("{FAE04EC0-301F-11D3-BF4B-00C04F79EFBC}") = "Template", "Template\Template.csproj", "{973B2347-9AE1-45AF-AF04-AA3384C17C99}"
EndProject
Project("{FAE04EC0-301F-11D3-BF4B-00C04F79EFBC}") = "Bridge", "Bridge\Bridge.csproj", "{201041BA-F440-40F4-BEA3-7D2B0156388E}"
EndProject
Project("{FAE04EC0-301F-11D3-BF4B-00C04F79EFBC}") = "FactoryFramework", "FactoryFramework\FactoryFramework.csproj", "{CFFAEBC1-7B00-4C6F-8EF7-0BA04B699583}"
EndProject
Project("{FAE04EC0-301F-11D3-BF4B-00C04F79EFBC}") = "FactoryIDCard", "FactoryIDCard\FactoryIDCard.csproj", "{4349F9BB-CEF8-487D-BCA7-8EAE4DA5BF9F}"
EndProject
Project("{FAE04EC0-301F-11D3-BF4B-00C04F79EFBC}") = "Builder", "Builder\Builder.csproj", "{061D293B-66B4-42B7-93C2-5E100A84CEC2}"
EndProject
Global
	GlobalSection(SolutionConfigurationPlatforms) = preSolution
		Debug|anycpu = Debug|anycpu
		Release|anycpu = Release|anycpu
	EndGlobalSection
	GlobalSection(ProjectConfigurationPlatforms) = postSolution
		{8E17AF03-8BB3-4C23-9B8F-D4FEA4ED08A0}.Debug|anycpu.ActiveCfg = Debug|anycpu
		{8E17AF03-8BB3-4C23-9B8F-D4FEA4ED08A0}.Debug|anycpu.Build.0 = Debug|anycpu
		{8E17AF03-8BB3-4C23-9B8F-D4FEA4ED08A0}.Release|anycpu.ActiveCfg = Release|anycpu
		{8E17AF03-8BB3-4C23-9B8F-D4FEA4ED08A0}.Release|anycpu.Build.0 = Release|anycpu
		{FCCCBB94-F3B3-45BE-9BBA-274EBC993978}.Debug|anycpu.ActiveCfg = Debug|anycpu
		{FCCCBB94-F3B3-45BE-9BBA-274EBC993978}.Debug|anycpu.Build.0 = Debug|anycpu
		{FCCCBB94-F3B3-45BE-9BBA-274EBC993978}.Release|anycpu.ActiveCfg = Release|anycpu
		{FCCCBB94-F3B3-45BE-9BBA-274EBC993978}.Release|anycpu.Build.0 = Release|anycpu
		{BEE87CCC-07D8-47D0-867E-4A3B6F9F971C}.Debug|anycpu.ActiveCfg = Debug|anycpu
		{BEE87CCC-07D8-47D0-867E-4A3B6F9F971C}.Debug|anycpu.Build.0 = Debug|anycpu
		{BEE87CCC-07D8-47D0-867E-4A3B6F9F971C}.Release|anycpu.ActiveCfg = Release|anycpu
		{BEE87CCC-07D8-47D0-867E-4A3B6F9F971C}.Release|anycpu.Build.0 = Release|anycpu
		{EE713F6E-35CC-4B26-BAD7-0B4704DA3ECF}.Debug|anycpu.ActiveCfg = Debug|anycpu
		{EE713F6E-35CC-4B26-BAD7-0B4704DA3ECF}.Debug|anycpu.Build.0 = Debug|anycpu
		{EE713F6E-35CC-4B26-BAD7-0B4704DA3ECF}.Release|anycpu.ActiveCfg = Release|anycpu
		{EE713F6E-35CC-4B26-BAD7-0B4704DA3ECF}.Release|anycpu.Build.0 = Release|anycpu
		{973B2347-9AE1-45AF-AF04-AA3384C17C99}.Debug|anycpu.ActiveCfg = Debug|anycpu
		{973B2347-9AE1-45AF-AF04-AA3384C17C99}.Debug|anycpu.Build.0 = Debug|anycpu
		{973B2347-9AE1-45AF-AF04-AA3384C17C99}.Release|anycpu.ActiveCfg = Release|anycpu
		{973B2347-9AE1-45AF-AF04-AA3384C17C99}.Release|anycpu.Build.0 = Release|anycpu
		{201041BA-F440-40F4-BEA3-7D2B0156388E}.Debug|anycpu.ActiveCfg = Debug|anycpu
		{201041BA-F440-40F4-BEA3-7D2B0156388E}.Debug|anycpu.Build.0 = Debug|anycpu
		{201041BA-F440-40F4-BEA3-7D2B0156388E}.Release|anycpu.ActiveCfg = Release|anycpu
		{201041BA-F440-40F4-BEA3-7D2B0156388E}.Release|anycpu.Build.0 = Release|anycpu
		{CFFAEBC1-7B00-4C6F-8EF7-0BA04B699583}.Debug|anycpu.ActiveCfg = Debug|anycpu
		{CFFAEBC1-7B00-4C6F-8EF7-0BA04B699583}.Debug|anycpu.Build.0 = Debug|anycpu
		{CFFAEBC1-7B00-4C6F-8EF7-0BA04B699583}.Release|anycpu.ActiveCfg = Release|anycpu
		{CFFAEBC1-7B00-4C6F-8EF7-0BA04B699583}.Release|anycpu.Build.0 = Release|anycpu
		{4349F9BB-CEF8-487D-BCA7-8EAE4DA5BF9F}.Debug|anycpu.ActiveCfg = Debug|anycpu
		{4349F9BB-CEF8-487D-BCA7-8EAE4DA5BF9F}.Debug|anycpu.Build.0 = Debug|anycpu
		{4349F9BB-CEF8-487D-BCA7-8EAE4DA5BF9F}.Release|anycpu.ActiveCfg = Release|anycpu
		{4349F9BB-CEF8-487D-BCA7-8EAE4DA5BF9F}.Release|anycpu.Build.0 = Release|anycpu
		{061D293B-66B4-42B7-93C2-5E100A84CEC2}.Debug|anycpu.ActiveCfg = Debug|anycpu
		{061D293B-66B4-42B7-93C2-5E100A84CEC2}.Debug|anycpu.Build.0 = Debug|anycpu
		{061D293B-66B4-42B7-93C2-5E100A84CEC2}.Release|anycpu.ActiveCfg = Release|anycpu
		{061D293B-66B4-42B7-93C2-5E100A84CEC2}.Release|anycpu.Build.0 = Release|anycpu
	EndGlobalSection
	GlobalSection(SolutionProperties) = preSolution
		HideSolutionNode = FALSE
	EndGlobalSection
	GlobalSection(ExtensibilityGlobals) = postSolution
		SolutionGuid = {05A3FFEE-0FE4-46F5-8908-73207AD6F582}
	EndGlobalSection
EndGlobal
